
Microsoft Visual Studio Solution File, Format Version 12.00
# Visual Studio Version 16
VisualStudioVersion = 16.6.30114.105
MinimumVisualStudioVersion = 10.0.40219.1
Project("{9A19103F-16F7-4668-BE54-9A1E7A4F7556}") = "R5T.T0058", "R5T.T0058\R5T.T0058.csproj", "{20CE6EF0-250D-4BB1-8E73-8287942AE216}"
EndProject
Project("{2150E333-8FDC-42A3-9474-1A3956D46DE8}") = "_Dependencies", "_Dependencies", "{6AF66244-0543-4538-B60C-ECF87CCE2CA0}"
EndProject
Project("{9A19103F-16F7-4668-BE54-9A1E7A4F7556}") = "R5T.Magyar", "..\..\R5T.Magyar\source\R5T.Magyar\R5T.Magyar.csproj", "{2A913BF0-086B-4192-BCDC-AD819F0182DF}"
EndProject
Project("{9A19103F-16F7-4668-BE54-9A1E7A4F7556}") = "R5T.T0049", "..\..\R5T.T0049\source\R5T.T0049\R5T.T0049.csproj", "{87DF03EF-60E4-4313-B412-198D419FD49A}"
EndProject
Project("{9A19103F-16F7-4668-BE54-9A1E7A4F7556}") = "R5T.T0050", "..\..\R5T.T0050\source\R5T.T0050\R5T.T0050.csproj", "{0A291F2D-6AE4-46BA-8608-D7F066305A43}"
EndProject
Global
	GlobalSection(SolutionConfigurationPlatforms) = preSolution
		Debug|Any CPU = Debug|Any CPU
		Debug|x64 = Debug|x64
		Debug|x86 = Debug|x86
		Release|Any CPU = Release|Any CPU
		Release|x64 = Release|x64
		Release|x86 = Release|x86
	EndGlobalSection
	GlobalSection(ProjectConfigurationPlatforms) = postSolution
		{20CE6EF0-250D-4BB1-8E73-8287942AE216}.Debug|Any CPU.ActiveCfg = Debug|Any CPU
		{20CE6EF0-250D-4BB1-8E73-8287942AE216}.Debug|Any CPU.Build.0 = Debug|Any CPU
		{20CE6EF0-250D-4BB1-8E73-8287942AE216}.Debug|x64.ActiveCfg = Debug|Any CPU
		{20CE6EF0-250D-4BB1-8E73-8287942AE216}.Debug|x64.Build.0 = Debug|Any CPU
		{20CE6EF0-250D-4BB1-8E73-8287942AE216}.Debug|x86.ActiveCfg = Debug|Any CPU
		{20CE6EF0-250D-4BB1-8E73-8287942AE216}.Debug|x86.Build.0 = Debug|Any CPU
		{20CE6EF0-250D-4BB1-8E73-8287942AE216}.Release|Any CPU.ActiveCfg = Release|Any CPU
		{20CE6EF0-250D-4BB1-8E73-8287942AE216}.Release|Any CPU.Build.0 = Release|Any CPU
		{20CE6EF0-250D-4BB1-8E73-8287942AE216}.Release|x64.ActiveCfg = Release|Any CPU
		{20CE6EF0-250D-4BB1-8E73-8287942AE216}.Release|x64.Build.0 = Release|Any CPU
		{20CE6EF0-250D-4BB1-8E73-8287942AE216}.Release|x86.ActiveCfg = Release|Any CPU
		{20CE6EF0-250D-4BB1-8E73-8287942AE216}.Release|x86.Build.0 = Release|Any CPU
		{2A913BF0-086B-4192-BCDC-AD819F0182DF}.Debug|Any CPU.ActiveCfg = Debug|Any CPU
		{2A913BF0-086B-4192-BCDC-AD819F0182DF}.Debug|Any CPU.Build.0 = Debug|Any CPU
		{2A913BF0-086B-4192-BCDC-AD819F0182DF}.Debug|x64.ActiveCfg = Debug|Any CPU
		{2A913BF0-086B-4192-BCDC-AD819F0182DF}.Debug|x64.Build.0 = Debug|Any CPU
		{2A913BF0-086B-4192-BCDC-AD819F0182DF}.Debug|x86.ActiveCfg = Debug|Any CPU
		{2A913BF0-086B-4192-BCDC-AD819F0182DF}.Debug|x86.Build.0 = Debug|Any CPU
		{2A913BF0-086B-4192-BCDC-AD819F0182DF}.Release|Any CPU.ActiveCfg = Release|Any CPU
		{2A913BF0-086B-4192-BCDC-AD819F0182DF}.Release|Any CPU.Build.0 = Release|Any CPU
		{2A913BF0-086B-4192-BCDC-AD819F0182DF}.Release|x64.ActiveCfg = Release|Any CPU
		{2A913BF0-086B-4192-BCDC-AD819F0182DF}.Release|x64.Build.0 = Release|Any CPU
		{2A913BF0-086B-4192-BCDC-AD819F0182DF}.Release|x86.ActiveCfg = Release|Any CPU
		{2A913BF0-086B-4192-BCDC-AD819F0182DF}.Release|x86.Build.0 = Release|Any CPU
		{87DF03EF-60E4-4313-B412-198D419FD49A}.Debug|Any CPU.ActiveCfg = Debug|Any CPU
		{87DF03EF-60E4-4313-B412-198D419FD49A}.Debug|Any CPU.Build.0 = Debug|Any CPU
		{87DF03EF-60E4-4313-B412-198D419FD49A}.Debug|x64.ActiveCfg = Debug|Any CPU
		{87DF03EF-60E4-4313-B412-198D419FD49A}.Debug|x64.Build.0 = Debug|Any CPU
		{87DF03EF-60E4-4313-B412-198D419FD49A}.Debug|x86.ActiveCfg = Debug|Any CPU
		{87DF03EF-60E4-4313-B412-198D419FD49A}.Debug|x86.Build.0 = Debug|Any CPU
		{87DF03EF-60E4-4313-B412-198D419FD49A}.Release|Any CPU.ActiveCfg = Release|Any CPU
		{87DF03EF-60E4-4313-B412-198D419FD49A}.Release|Any CPU.Build.0 = Release|Any CPU
		{87DF03EF-60E4-4313-B412-198D419FD49A}.Release|x64.ActiveCfg = Release|Any CPU
		{87DF03EF-60E4-4313-B412-198D419FD49A}.Release|x64.Build.0 = Release|Any CPU
		{87DF03EF-60E4-4313-B412-198D419FD49A}.Release|x86.ActiveCfg = Release|Any CPU
		{87DF03EF-60E4-4313-B412-198D419FD49A}.Release|x86.Build.0 = Release|Any CPU
		{0A291F2D-6AE4-46BA-8608-D7F066305A43}.Debug|Any CPU.ActiveCfg = Debug|Any CPU
		{0A291F2D-6AE4-46BA-8608-D7F066305A43}.Debug|Any CPU.Build.0 = Debug|Any CPU
		{0A291F2D-6AE4-46BA-8608-D7F066305A43}.Debug|x64.ActiveCfg = Debug|Any CPU
		{0A291F2D-6AE4-46BA-8608-D7F066305A43}.Debug|x64.Build.0 = Debug|Any CPU
		{0A291F2D-6AE4-46BA-8608-D7F066305A43}.Debug|x86.ActiveCfg = Debug|Any CPU
		{0A291F2D-6AE4-46BA-8608-D7F066305A43}.Debug|x86.Build.0 = Debug|Any CPU
		{0A291F2D-6AE4-46BA-8608-D7F066305A43}.Release|Any CPU.ActiveCfg = Release|Any CPU
		{0A291F2D-6AE4-46BA-8608-D7F066305A43}.Release|Any CPU.Build.0 = Release|Any CPU
		{0A291F2D-6AE4-46BA-8608-D7F066305A43}.Release|x64.ActiveCfg = Release|Any CPU
		{0A291F2D-6AE4-46BA-8608-D7F066305A43}.Release|x64.Build.0 = Release|Any CPU
		{0A291F2D-6AE4-46BA-8608-D7F066305A43}.Release|x86.ActiveCfg = Release|Any CPU
		{0A291F2D-6AE4-46BA-8608-D7F066305A43}.Release|x86.Build.0 = Release|Any CPU
	EndGlobalSection
	GlobalSection(SolutionProperties) = preSolution
		HideSolutionNode = FALSE
	EndGlobalSection
	GlobalSection(NestedProjects) = preSolution
		{2A913BF0-086B-4192-BCDC-AD819F0182DF} = {6AF66244-0543-4538-B60C-ECF87CCE2CA0}
		{87DF03EF-60E4-4313-B412-198D419FD49A} = {6AF66244-0543-4538-B60C-ECF87CCE2CA0}
		{0A291F2D-6AE4-46BA-8608-D7F066305A43} = {6AF66244-0543-4538-B60C-ECF87CCE2CA0}
	EndGlobalSection
	GlobalSection(ExtensibilityGlobals) = postSolution
		SolutionGuid = {B4BB0055-7AB5-4113-92B1-798EDEEFC522}
	EndGlobalSection
EndGlobal
